// !$*UTF8*$!
{
	archiveVersion = 1;
	classes = {
	};
	objectVersion = 50;
	objects = {

/* Begin PBXBuildFile section */
		5B40FCA6216163D600BCD938 /* CategoryViewController.swift in Sources */ = {isa = PBXBuildFile; fileRef = 5B40FCA5216163D600BCD938 /* CategoryViewController.swift */; };
		5BB58C49215573B5009E4BAC /* AppDelegate.swift in Sources */ = {isa = PBXBuildFile; fileRef = 5BB58C48215573B5009E4BAC /* AppDelegate.swift */; };
		5BB58C4B215573B5009E4BAC /*  TodoListViewController.swift in Sources */ = {isa = PBXBuildFile; fileRef = 5BB58C4A215573B5009E4BAC /*  TodoListViewController.swift */; };
		5BB58C4E215573B5009E4BAC /* Main.storyboard in Resources */ = {isa = PBXBuildFile; fileRef = 5BB58C4C215573B5009E4BAC /* Main.storyboard */; };
		5BB58C50215573B7009E4BAC /* Assets.xcassets in Resources */ = {isa = PBXBuildFile; fileRef = 5BB58C4F215573B7009E4BAC /* Assets.xcassets */; };
		5BB58C53215573B7009E4BAC /* LaunchScreen.storyboard in Resources */ = {isa = PBXBuildFile; fileRef = 5BB58C51215573B7009E4BAC /* LaunchScreen.storyboard */; };
		5BE68CC7216A0D5C0027213E /* Item.swift in Sources */ = {isa = PBXBuildFile; fileRef = 5BE68CC6216A0D5C0027213E /* Item.swift */; };
		5BE68CC9216A0D6C0027213E /* Category.swift in Sources */ = {isa = PBXBuildFile; fileRef = 5BE68CC8216A0D6C0027213E /* Category.swift */; };
		5BE68CCB216A8C150027213E /* SwipeTableViewController.swift in Sources */ = {isa = PBXBuildFile; fileRef = 5BE68CCA216A8C150027213E /* SwipeTableViewController.swift */; };
		7BF309468952FB995E6CC4AC /* Pods_Todoey.framework in Frameworks */ = {isa = PBXBuildFile; fileRef = 6B8C9933CB57673851894431 /* Pods_Todoey.framework */; };
/* End PBXBuildFile section */

/* Begin PBXFileReference section */
		4EEE398E52C77D672CB133CD /* Pods-Todoey.release.xcconfig */ = {isa = PBXFileReference; includeInIndex = 1; lastKnownFileType = text.xcconfig; name = "Pods-Todoey.release.xcconfig"; path = "Pods/Target Support Files/Pods-Todoey/Pods-Todoey.release.xcconfig"; sourceTree = "<group>"; };
		5B40FCA5216163D600BCD938 /* CategoryViewController.swift */ = {isa = PBXFileReference; lastKnownFileType = sourcecode.swift; path = CategoryViewController.swift; sourceTree = "<group>"; };
		5BB58C45215573B5009E4BAC /* Todoey.app */ = {isa = PBXFileReference; explicitFileType = wrapper.application; includeInIndex = 0; path = Todoey.app; sourceTree = BUILT_PRODUCTS_DIR; };
		5BB58C48215573B5009E4BAC /* AppDelegate.swift */ = {isa = PBXFileReference; lastKnownFileType = sourcecode.swift; path = AppDelegate.swift; sourceTree = "<group>"; };
		5BB58C4A215573B5009E4BAC /*  TodoListViewController.swift */ = {isa = PBXFileReference; lastKnownFileType = sourcecode.swift; path = " TodoListViewController.swift"; sourceTree = "<group>"; };
		5BB58C4D215573B5009E4BAC /* Base */ = {isa = PBXFileReference; lastKnownFileType = file.storyboard; name = Base; path = Base.lproj/Main.storyboard; sourceTree = "<group>"; };
		5BB58C4F215573B7009E4BAC /* Assets.xcassets */ = {isa = PBXFileReference; lastKnownFileType = folder.assetcatalog; path = Assets.xcassets; sourceTree = "<group>"; };
		5BB58C52215573B7009E4BAC /* Base */ = {isa = PBXFileReference; lastKnownFileType = file.storyboard; name = Base; path = Base.lproj/LaunchScreen.storyboard; sourceTree = "<group>"; };
		5BB58C54215573B7009E4BAC /* Info.plist */ = {isa = PBXFileReference; lastKnownFileType = text.plist.xml; path = Info.plist; sourceTree = "<group>"; };
		5BE68CC6216A0D5C0027213E /* Item.swift */ = {isa = PBXFileReference; lastKnownFileType = sourcecode.swift; path = Item.swift; sourceTree = "<group>"; };
		5BE68CC8216A0D6C0027213E /* Category.swift */ = {isa = PBXFileReference; lastKnownFileType = sourcecode.swift; path = Category.swift; sourceTree = "<group>"; };
		5BE68CCA216A8C150027213E /* SwipeTableViewController.swift */ = {isa = PBXFileReference; lastKnownFileType = sourcecode.swift; path = SwipeTableViewController.swift; sourceTree = "<group>"; };
		6B8C9933CB57673851894431 /* Pods_Todoey.framework */ = {isa = PBXFileReference; explicitFileType = wrapper.framework; includeInIndex = 0; path = Pods_Todoey.framework; sourceTree = BUILT_PRODUCTS_DIR; };
		6E49F0C8EE10C0849455640B /* Pods-Todoey.debug.xcconfig */ = {isa = PBXFileReference; includeInIndex = 1; lastKnownFileType = text.xcconfig; name = "Pods-Todoey.debug.xcconfig"; path = "Pods/Target Support Files/Pods-Todoey/Pods-Todoey.debug.xcconfig"; sourceTree = "<group>"; };
/* End PBXFileReference section */

/* Begin PBXFrameworksBuildPhase section */
		5BB58C42215573B5009E4BAC /* Frameworks */ = {
			isa = PBXFrameworksBuildPhase;
			buildActionMask = 2147483647;
			files = (
				7BF309468952FB995E6CC4AC /* Pods_Todoey.framework in Frameworks */,
			);
			runOnlyForDeploymentPostprocessing = 0;
		};
/* End PBXFrameworksBuildPhase section */

/* Begin PBXGroup section */
		30E600DEF22E26953BEC41A1 /* Pods */ = {
			isa = PBXGroup;
			children = (
				6E49F0C8EE10C0849455640B /* Pods-Todoey.debug.xcconfig */,
				4EEE398E52C77D672CB133CD /* Pods-Todoey.release.xcconfig */,
			);
			name = Pods;
			sourceTree = "<group>";
		};
		5B590A192158179A00CCF375 /* Data model */ = {
			isa = PBXGroup;
			children = (
				5BE68CC8216A0D6C0027213E /* Category.swift */,
				5BE68CC6216A0D5C0027213E /* Item.swift */,
			);
			path = "Data model";
			sourceTree = "<group>";
		};
		5B590A1A215817CB00CCF375 /* Controllers */ = {
			isa = PBXGroup;
			children = (
				5B40FCA5216163D600BCD938 /* CategoryViewController.swift */,
				5BB58C4A215573B5009E4BAC /*  TodoListViewController.swift */,
				5BE68CCA216A8C150027213E /* SwipeTableViewController.swift */,
			);
			path = Controllers;
			sourceTree = "<group>";
		};
		5B590A1B2158180100CCF375 /* Views */ = {
			isa = PBXGroup;
			children = (
				5BB58C4C215573B5009E4BAC /* Main.storyboard */,
			);
			path = Views;
			sourceTree = "<group>";
		};
		5B590A1C2158183500CCF375 /* Supporting files */ = {
			isa = PBXGroup;
			children = (
				5BB58C4F215573B7009E4BAC /* Assets.xcassets */,
				5BB58C51215573B7009E4BAC /* LaunchScreen.storyboard */,
			);
			path = "Supporting files";
			sourceTree = "<group>";
		};
		5BB58C3C215573B5009E4BAC = {
			isa = PBXGroup;
			children = (
				5BB58C47215573B5009E4BAC /* Todoey */,
				5BB58C46215573B5009E4BAC /* Products */,
				30E600DEF22E26953BEC41A1 /* Pods */,
				6CB8D6E7566DC614FAF85055 /* Frameworks */,
			);
			sourceTree = "<group>";
		};
		5BB58C46215573B5009E4BAC /* Products */ = {
			isa = PBXGroup;
			children = (
				5BB58C45215573B5009E4BAC /* Todoey.app */,
			);
			name = Products;
			sourceTree = "<group>";
		};
		5BB58C47215573B5009E4BAC /* Todoey */ = {
			isa = PBXGroup;
			children = (
				5BB58C48215573B5009E4BAC /* AppDelegate.swift */,
				5B590A1A215817CB00CCF375 /* Controllers */,
				5B590A1B2158180100CCF375 /* Views */,
				5B590A192158179A00CCF375 /* Data model */,
				5B590A1C2158183500CCF375 /* Supporting files */,
				5BB58C54215573B7009E4BAC /* Info.plist */,
			);
			path = Todoey;
			sourceTree = "<group>";
		};
		6CB8D6E7566DC614FAF85055 /* Frameworks */ = {
			isa = PBXGroup;
			children = (
				6B8C9933CB57673851894431 /* Pods_Todoey.framework */,
			);
			name = Frameworks;
			sourceTree = "<group>";
		};
/* End PBXGroup section */

/* Begin PBXNativeTarget section */
		5BB58C44215573B5009E4BAC /* Todoey */ = {
			isa = PBXNativeTarget;
			buildConfigurationList = 5BB58C57215573B7009E4BAC /* Build configuration list for PBXNativeTarget "Todoey" */;
			buildPhases = (
				633D4C862251C5A265B32696 /* [CP] Check Pods Manifest.lock */,
				5BB58C41215573B5009E4BAC /* Sources */,
				5BB58C42215573B5009E4BAC /* Frameworks */,
				5BB58C43215573B5009E4BAC /* Resources */,
				270E3C5BB41721E5DAA0C551 /* [CP] Embed Pods Frameworks */,
			);
			buildRules = (
			);
			dependencies = (
			);
			name = Todoey;
			productName = Todoey;
			productReference = 5BB58C45215573B5009E4BAC /* Todoey.app */;
			productType = "com.apple.product-type.application";
		};
/* End PBXNativeTarget section */

/* Begin PBXProject section */
		5BB58C3D215573B5009E4BAC /* Project object */ = {
			isa = PBXProject;
			attributes = {
				LastSwiftUpdateCheck = 1000;
				LastUpgradeCheck = 1000;
				ORGANIZATIONNAME = "Slobodan Milic";
				TargetAttributes = {
					5BB58C44215573B5009E4BAC = {
						CreatedOnToolsVersion = 10.0;
					};
				};
			};
			buildConfigurationList = 5BB58C40215573B5009E4BAC /* Build configuration list for PBXProject "Todoey" */;
			compatibilityVersion = "Xcode 9.3";
			developmentRegion = en;
			hasScannedForEncodings = 0;
			knownRegions = (
				en,
				Base,
			);
			mainGroup = 5BB58C3C215573B5009E4BAC;
			productRefGroup = 5BB58C46215573B5009E4BAC /* Products */;
			projectDirPath = "";
			projectRoot = "";
			targets = (
				5BB58C44215573B5009E4BAC /* Todoey */,
			);
		};
/* End PBXProject section */

/* Begin PBXResourcesBuildPhase section */
		5BB58C43215573B5009E4BAC /* Resources */ = {
			isa = PBXResourcesBuildPhase;
			buildActionMask = 2147483647;
			files = (
				5BB58C53215573B7009E4BAC /* LaunchScreen.storyboard in Resources */,
				5BB58C50215573B7009E4BAC /* Assets.xcassets in Resources */,
				5BB58C4E215573B5009E4BAC /* Main.storyboard in Resources */,
			);
			runOnlyForDeploymentPostprocessing = 0;
		};
/* End PBXResourcesBuildPhase section */

/* Begin PBXShellScriptBuildPhase section */
		270E3C5BB41721E5DAA0C551 /* [CP] Embed Pods Frameworks */ = {
			isa = PBXShellScriptBuildPhase;
			buildActionMask = 2147483647;
			files = (
			);
			inputPaths = (
				"${SRCROOT}/Pods/Target Support Files/Pods-Todoey/Pods-Todoey-frameworks.sh",
				"${BUILT_PRODUCTS_DIR}/ChameleonFramework/ChameleonFramework.framework",
				"${BUILT_PRODUCTS_DIR}/Realm/Realm.framework",
				"${BUILT_PRODUCTS_DIR}/RealmSwift/RealmSwift.framework",
				"${BUILT_PRODUCTS_DIR}/SwipeCellKit/SwipeCellKit.framework",
			);
			name = "[CP] Embed Pods Frameworks";
			outputPaths = (
				"${TARGET_BUILD_DIR}/${FRAMEWORKS_FOLDER_PATH}/ChameleonFramework.framework",
				"${TARGET_BUILD_DIR}/${FRAMEWORKS_FOLDER_PATH}/Realm.framework",
				"${TARGET_BUILD_DIR}/${FRAMEWORKS_FOLDER_PATH}/RealmSwift.framework",
				"${TARGET_BUILD_DIR}/${FRAMEWORKS_FOLDER_PATH}/SwipeCellKit.framework",
			);
			runOnlyForDeploymentPostprocessing = 0;
			shellPath = /bin/sh;
			shellScript = "\"${SRCROOT}/Pods/Target Support Files/Pods-Todoey/Pods-Todoey-frameworks.sh\"\n";
			showEnvVarsInLog = 0;
		};
		633D4C862251C5A265B32696 /* [CP] Check Pods Manifest.lock */ = {
			isa = PBXShellScriptBuildPhase;
			buildActionMask = 2147483647;
			files = (
			);
			inputPaths = (
				"${PODS_PODFILE_DIR_PATH}/Podfile.lock",
				"${PODS_ROOT}/Manifest.lock",
			);
			name = "[CP] Check Pods Manifest.lock";
			outputPaths = (
				"$(DERIVED_FILE_DIR)/Pods-Todoey-checkManifestLockResult.txt",
			);
			runOnlyForDeploymentPostprocessing = 0;
			shellPath = /bin/sh;
			shellScript = "diff \"${PODS_PODFILE_DIR_PATH}/Podfile.lock\" \"${PODS_ROOT}/Manifest.lock\" > /dev/null\nif [ $? != 0 ] ; then\n    # print error to STDERR\n    echo \"error: The sandbox is not in sync with the Podfile.lock. Run 'pod install' or update your CocoaPods installation.\" >&2\n    exit 1\nfi\n# This output is used by Xcode 'outputs' to avoid re-running this script phase.\necho \"SUCCESS\" > \"${SCRIPT_OUTPUT_FILE_0}\"\n";
			showEnvVarsInLog = 0;
		};
/* End PBXShellScriptBuildPhase section */

/* Begin PBXSourcesBuildPhase section */
		5BB58C41215573B5009E4BAC /* Sources */ = {
			isa = PBXSourcesBuildPhase;
			buildActionMask = 2147483647;
			files = (
				5BE68CC7216A0D5C0027213E /* Item.swift in Sources */,
				5B40FCA6216163D600BCD938 /* CategoryViewController.swift in Sources */,
				5BB58C4B215573B5009E4BAC /*  TodoListViewController.swift in Sources */,
				5BB58C49215573B5009E4BAC /* AppDelegate.swift in Sources */,
				5BE68CCB216A8C150027213E /* SwipeTableViewController.swift in Sources */,
				5BE68CC9216A0D6C0027213E /* Category.swift in Sources */,
			);
			runOnlyForDeploymentPostprocessing = 0;
		};
/* End PBXSourcesBuildPhase section */

/* Begin PBXVariantGroup section */
		5BB58C4C215573B5009E4BAC /* Main.storyboard */ = {
			isa = PBXVariantGroup;
			children = (
				5BB58C4D215573B5009E4BAC /* Base */,
			);
			name = Main.storyboard;
			sourceTree = "<group>";
		};
		5BB58C51215573B7009E4BAC /* LaunchScreen.storyboard */ = {
			isa = PBXVariantGroup;
			children = (
				5BB58C52215573B7009E4BAC /* Base */,
			);
			name = LaunchScreen.storyboard;
			sourceTree = "<group>";
		};
/* End PBXVariantGroup section */

/* Begin XCBuildConfiguration section */
		5BB58C55215573B7009E4BAC /* Debug */ = {
			isa = XCBuildConfiguration;
			buildSettings = {
				ALWAYS_SEARCH_USER_PATHS = NO;
				CLANG_ANALYZER_NONNULL = YES;
				CLANG_ANALYZER_NUMBER_OBJECT_CONVERSION = YES_AGGRESSIVE;
				CLANG_CXX_LANGUAGE_STANDARD = "gnu++14";
				CLANG_CXX_LIBRARY = "libc++";
				CLANG_ENABLE_MODULES = YES;
				CLANG_ENABLE_OBJC_ARC = YES;
				CLANG_ENABLE_OBJC_WEAK = YES;
				CLANG_WARN_BLOCK_CAPTURE_AUTORELEASING = YES;
				CLANG_WARN_BOOL_CONVERSION = YES;
				CLANG_WARN_COMMA = YES;
				CLANG_WARN_CONSTANT_CONVERSION = YES;
				CLANG_WARN_DEPRECATED_OBJC_IMPLEMENTATIONS = YES;
				CLANG_WARN_DIRECT_OBJC_ISA_USAGE = YES_ERROR;
				CLANG_WARN_DOCUMENTATION_COMMENTS = YES;
				CLANG_WARN_EMPTY_BODY = YES;
				CLANG_WARN_ENUM_CONVERSION = YES;
				CLANG_WARN_INFINITE_RECURSION = YES;
				CLANG_WARN_INT_CONVERSION = YES;
				CLANG_WARN_NON_LITERAL_NULL_CONVERSION = YES;
				CLANG_WARN_OBJC_IMPLICIT_RETAIN_SELF = YES;
				CLANG_WARN_OBJC_LITERAL_CONVERSION = YES;
				CLANG_WARN_OBJC_ROOT_CLASS = YES_ERROR;
				CLANG_WARN_RANGE_LOOP_ANALYSIS = YES;
				CLANG_WARN_STRICT_PROTOTYPES = YES;
				CLANG_WARN_SUSPICIOUS_MOVE = YES;
				CLANG_WARN_UNGUARDED_AVAILABILITY = YES_AGGRESSIVE;
				CLANG_WARN_UNREACHABLE_CODE = YES;
				CLANG_WARN__DUPLICATE_METHOD_MATCH = YES;
				CODE_SIGN_IDENTITY = "iPhone Developer";
				COPY_PHASE_STRIP = NO;
				DEBUG_INFORMATION_FORMAT = dwarf;
				ENABLE_STRICT_OBJC_MSGSEND = YES;
				ENABLE_TESTABILITY = YES;
				GCC_C_LANGUAGE_STANDARD = gnu11;
				GCC_DYNAMIC_NO_PIC = NO;
				GCC_NO_COMMON_BLOCKS = YES;
				GCC_OPTIMIZATION_LEVEL = 0;
				GCC_PREPROCESSOR_DEFINITIONS = (
					"DEBUG=1",
					"$(inherited)",
				);
				GCC_WARN_64_TO_32_BIT_CONVERSION = YES;
				GCC_WARN_ABOUT_RETURN_TYPE = YES_ERROR;
				GCC_WARN_UNDECLARED_SELECTOR = YES;
				GCC_WARN_UNINITIALIZED_AUTOS = YES_AGGRESSIVE;
				GCC_WARN_UNUSED_FUNCTION = YES;
				GCC_WARN_UNUSED_VARIABLE = YES;
				IPHONEOS_DEPLOYMENT_TARGET = 12.0;
				MTL_ENABLE_DEBUG_INFO = INCLUDE_SOURCE;
				MTL_FAST_MATH = YES;
				ONLY_ACTIVE_ARCH = YES;
				SDKROOT = iphoneos;
				SWIFT_ACTIVE_COMPILATION_CONDITIONS = DEBUG;
				SWIFT_OPTIMIZATION_LEVEL = "-Onone";
			};
			name = Debug;
		};
		5BB58C56215573B7009E4BAC /* Release */ = {
			isa = XCBuildConfiguration;
			buildSettings = {
				ALWAYS_SEARCH_USER_PATHS = NO;
				CLANG_ANALYZER_NONNULL = YES;
				CLANG_ANALYZER_NUMBER_OBJECT_CONVERSION = YES_AGGRESSIVE;
				CLANG_CXX_LANGUAGE_STANDARD = "gnu++14";
				CLANG_CXX_LIBRARY = "libc++";
				CLANG_ENABLE_MODULES = YES;
				CLANG_ENABLE_OBJC_ARC = YES;
				CLANG_ENABLE_OBJC_WEAK = YES;
				CLANG_WARN_BLOCK_CAPTURE_AUTORELEASING = YES;
				CLANG_WARN_BOOL_CONVERSION = YES;
				CLANG_WARN_COMMA = YES;
				CLANG_WARN_CONSTANT_CONVERSION = YES;
				CLANG_WARN_DEPRECATED_OBJC_IMPLEMENTATIONS = YES;
				CLANG_WARN_DIRECT_OBJC_ISA_USAGE = YES_ERROR;
				CLANG_WARN_DOCUMENTATION_COMMENTS = YES;
				CLANG_WARN_EMPTY_BODY = YES;
				CLANG_WARN_ENUM_CONVERSION = YES;
				CLANG_WARN_INFINITE_RECURSION = YES;
				CLANG_WARN_INT_CONVERSION = YES;
				CLANG_WARN_NON_LITERAL_NULL_CONVERSION = YES;
				CLANG_WARN_OBJC_IMPLICIT_RETAIN_SELF = YES;
				CLANG_WARN_OBJC_LITERAL_CONVERSION = YES;
				CLANG_WARN_OBJC_ROOT_CLASS = YES_ERROR;
				CLANG_WARN_RANGE_LOOP_ANALYSIS = YES;
				CLANG_WARN_STRICT_PROTOTYPES = YES;
				CLANG_WARN_SUSPICIOUS_MOVE = YES;
				CLANG_WARN_UNGUARDED_AVAILABILITY = YES_AGGRESSIVE;
				CLANG_WARN_UNREACHABLE_CODE = YES;
				CLANG_WARN__DUPLICATE_METHOD_MATCH = YES;
				CODE_SIGN_IDENTITY = "iPhone Developer";
				COPY_PHASE_STRIP = NO;
				DEBUG_INFORMATION_FORMAT = "dwarf-with-dsym";
				ENABLE_NS_ASSERTIONS = NO;
				ENABLE_STRICT_OBJC_MSGSEND = YES;
				GCC_C_LANGUAGE_STANDARD = gnu11;
				GCC_NO_COMMON_BLOCKS = YES;
				GCC_WARN_64_TO_32_BIT_CONVERSION = YES;
				GCC_WARN_ABOUT_RETURN_TYPE = YES_ERROR;
				GCC_WARN_UNDECLARED_SELECTOR = YES;
				GCC_WARN_UNINITIALIZED_AUTOS = YES_AGGRESSIVE;
				GCC_WARN_UNUSED_FUNCTION = YES;
				GCC_WARN_UNUSED_VARIABLE = YES;
				IPHONEOS_DEPLOYMENT_TARGET = 12.0;
				MTL_ENABLE_DEBUG_INFO = NO;
				MTL_FAST_MATH = YES;
				SDKROOT = iphoneos;
				SWIFT_COMPILATION_MODE = wholemodule;
				SWIFT_OPTIMIZATION_LEVEL = "-O";
				VALIDATE_PRODUCT = YES;
			};
			name = Release;
		};
		5BB58C58215573B7009E4BAC /* Debug */ = {
			isa = XCBuildConfiguration;
			baseConfigurationReference = 6E49F0C8EE10C0849455640B /* Pods-Todoey.debug.xcconfig */;
			buildSettings = {
				ASSETCATALOG_COMPILER_APPICON_NAME = AppIcon;
				CODE_SIGN_STYLE = Automatic;
				DEVELOPMENT_TEAM = 72LB5D4T95;
				INFOPLIST_FILE = Todoey/Info.plist;
				LD_RUNPATH_SEARCH_PATHS = "$(inherited) @executable_path/Frameworks";
				PRODUCT_BUNDLE_IDENTIFIER = com.slobodanmilic.Todoey;
				PRODUCT_NAME = "$(TARGET_NAME)";
				SWIFT_VERSION = 4.2;
				TARGETED_DEVICE_FAMILY = "1,2";
			};
			name = Debug;
		};
		5BB58C59215573B7009E4BAC /* Release */ = {
			isa = XCBuildConfiguration;
			baseConfigurationReference = 4EEE398E52C77D672CB133CD /* Pods-Todoey.release.xcconfig */;
			buildSettings = {
				ASSETCATALOG_COMPILER_APPICON_NAME = AppIcon;
				CODE_SIGN_STYLE = Automatic;
				DEVELOPMENT_TEAM = 72LB5D4T95;
				INFOPLIST_FILE = Todoey/Info.plist;
				LD_RUNPATH_SEARCH_PATHS = "$(inherited) @executable_path/Frameworks";
				PRODUCT_BUNDLE_IDENTIFIER = com.slobodanmilic.Todoey;
				PRODUCT_NAME = "$(TARGET_NAME)";
				SWIFT_VERSION = 4.2;
				TARGETED_DEVICE_FAMILY = "1,2";
			};
			name = Release;
		};
/* End XCBuildConfiguration section */

/* Begin XCConfigurationList section */
		5BB58C40215573B5009E4BAC /* Build configuration list for PBXProject "Todoey" */ = {
			isa = XCConfigurationList;
			buildConfigurations = (
				5BB58C55215573B7009E4BAC /* Debug */,
				5BB58C56215573B7009E4BAC /* Release */,
			);
			defaultConfigurationIsVisible = 0;
			defaultConfigurationName = Release;
		};
		5BB58C57215573B7009E4BAC /* Build configuration list for PBXNativeTarget "Todoey" */ = {
			isa = XCConfigurationList;
			buildConfigurations = (
				5BB58C58215573B7009E4BAC /* Debug */,
				5BB58C59215573B7009E4BAC /* Release */,
			);
			defaultConfigurationIsVisible = 0;
			defaultConfigurationName = Release;
		};
/* End XCConfigurationList section */
	};
	rootObject = 5BB58C3D215573B5009E4BAC /* Project object */;
}
